
Microsoft Visual Studio Solution File, Format Version 12.00
# Visual Studio Version 17
VisualStudioVersion = 17.4.33213.308
MinimumVisualStudioVersion = 10.0.40219.1
Project("{FAE04EC0-301F-11D3-BF4B-00C04F79EFBC}") = "Api", "Api\Api.csproj", "{4E53CBCC-C49C-4D18-B5B2-B0A9406E82FE}"
EndProject
Global
	GlobalSection(SolutionConfigurationPlatforms) = preSolution
		Debug|Any CPU = Debug|Any CPU
		Release|Any CPU = Release|Any CPU
	EndGlobalSection
	GlobalSection(ProjectConfigurationPlatforms) = postSolution
		{4E53CBCC-C49C-4D18-B5B2-B0A9406E82FE}.Debug|Any CPU.ActiveCfg = Debug|Any CPU
		{4E53CBCC-C49C-4D18-B5B2-B0A9406E82FE}.Debug|Any CPU.Build.0 = Debug|Any CPU
		{4E53CBCC-C49C-4D18-B5B2-B0A9406E82FE}.Release|Any CPU.ActiveCfg = Release|Any CPU
		{4E53CBCC-C49C-4D18-B5B2-B0A9406E82FE}.Release|Any CPU.Build.0 = Release|Any CPU
	EndGlobalSection
	GlobalSection(SolutionProperties) = preSolution
		HideSolutionNode = FALSE
	EndGlobalSection
	GlobalSection(ExtensibilityGlobals) = postSolution
		SolutionGuid = {007E3B78-DD75-44A1-B4E1-D135148C0EDF}
	EndGlobalSection
EndGlobal
